// !$*UTF8*$!
{
	archiveVersion = 1;
	classes = {
	};
	objectVersion = 46;
	objects = {

/* Begin PBXBuildFile section */
		B8281B491D113DF200E9FA1F /* main.m in Sources */ = {isa = PBXBuildFile; fileRef = B8281B481D113DF200E9FA1F /* main.m */; };
		B8281B4C1D113DF200E9FA1F /* AppDelegate.m in Sources */ = {isa = PBXBuildFile; fileRef = B8281B4B1D113DF200E9FA1F /* AppDelegate.m */; };
		B8281B4F1D113DF200E9FA1F /* ViewController.m in Sources */ = {isa = PBXBuildFile; fileRef = B8281B4E1D113DF200E9FA1F /* ViewController.m */; };
		B8281B541D113DF200E9FA1F /* Assets.xcassets in Resources */ = {isa = PBXBuildFile; fileRef = B8281B531D113DF200E9FA1F /* Assets.xcassets */; };
		B84689901D125FA600FFCD14 /* Localizable.strings in Resources */ = {isa = PBXBuildFile; fileRef = B84689921D125FA600FFCD14 /* Localizable.strings */; };
/* End PBXBuildFile section */

/* Begin PBXFileReference section */
		B8281B441D113DF200E9FA1F /* BadMe.app */ = {isa = PBXFileReference; explicitFileType = wrapper.application; includeInIndex = 0; path = BadMe.app; sourceTree = BUILT_PRODUCTS_DIR; };
		B8281B481D113DF200E9FA1F /* main.m */ = {isa = PBXFileReference; lastKnownFileType = sourcecode.c.objc; path = main.m; sourceTree = "<group>"; };
		B8281B4A1D113DF200E9FA1F /* AppDelegate.h */ = {isa = PBXFileReference; lastKnownFileType = sourcecode.c.h; path = AppDelegate.h; sourceTree = "<group>"; };
		B8281B4B1D113DF200E9FA1F /* AppDelegate.m */ = {isa = PBXFileReference; lastKnownFileType = sourcecode.c.objc; path = AppDelegate.m; sourceTree = "<group>"; };
		B8281B4D1D113DF200E9FA1F /* ViewController.h */ = {isa = PBXFileReference; lastKnownFileType = sourcecode.c.h; path = ViewController.h; sourceTree = "<group>"; };
		B8281B4E1D113DF200E9FA1F /* ViewController.m */ = {isa = PBXFileReference; lastKnownFileType = sourcecode.c.objc; path = ViewController.m; sourceTree = "<group>"; };
		B8281B531D113DF200E9FA1F /* Assets.xcassets */ = {isa = PBXFileReference; lastKnownFileType = folder.assetcatalog; path = Assets.xcassets; sourceTree = "<group>"; };
		B8281B581D113DF200E9FA1F /* Info.plist */ = {isa = PBXFileReference; lastKnownFileType = text.plist.xml; path = Info.plist; sourceTree = "<group>"; };
		B84689911D125FA600FFCD14 /* en */ = {isa = PBXFileReference; lastKnownFileType = text.plist.strings; name = en; path = en.lproj/Localizable.strings; sourceTree = "<group>"; };
		B84689931D125FBE00FFCD14 /* zh-Hans */ = {isa = PBXFileReference; lastKnownFileType = text.plist.strings; name = "zh-Hans"; path = "zh-Hans.lproj/Localizable.strings"; sourceTree = "<group>"; };
/* End PBXFileReference section */

/* Begin PBXFrameworksBuildPhase section */
		B8281B411D113DF200E9FA1F /* Frameworks */ = {
			isa = PBXFrameworksBuildPhase;
			buildActionMask = 2147483647;
			files = (
			);
			runOnlyForDeploymentPostprocessing = 0;
		};
/* End PBXFrameworksBuildPhase section */

/* Begin PBXGroup section */
		B8281B3B1D113DF200E9FA1F = {
			isa = PBXGroup;
			children = (
				B8281B461D113DF200E9FA1F /* BadMe */,
				B8281B451D113DF200E9FA1F /* Products */,
			);
			sourceTree = "<group>";
		};
		B8281B451D113DF200E9FA1F /* Products */ = {
			isa = PBXGroup;
			children = (
				B8281B441D113DF200E9FA1F /* BadMe.app */,
			);
			name = Products;
			sourceTree = "<group>";
		};
		B8281B461D113DF200E9FA1F /* BadMe */ = {
			isa = PBXGroup;
			children = (
				B8281B4A1D113DF200E9FA1F /* AppDelegate.h */,
				B8281B4B1D113DF200E9FA1F /* AppDelegate.m */,
				B8281B4D1D113DF200E9FA1F /* ViewController.h */,
				B8281B4E1D113DF200E9FA1F /* ViewController.m */,
				B8281B531D113DF200E9FA1F /* Assets.xcassets */,
				B8281B581D113DF200E9FA1F /* Info.plist */,
				B8281B471D113DF200E9FA1F /* Supporting Files */,
			);
			path = BadMe;
			sourceTree = "<group>";
		};
		B8281B471D113DF200E9FA1F /* Supporting Files */ = {
			isa = PBXGroup;
			children = (
				B84689921D125FA600FFCD14 /* Localizable.strings */,
				B8281B481D113DF200E9FA1F /* main.m */,
			);
			name = "Supporting Files";
			sourceTree = "<group>";
		};
/* End PBXGroup section */

/* Begin PBXNativeTarget section */
		B8281B431D113DF200E9FA1F /* BadMe */ = {
			isa = PBXNativeTarget;
			buildConfigurationList = B8281B5B1D113DF200E9FA1F /* Build configuration list for PBXNativeTarget "BadMe" */;
			buildPhases = (
				B8281B401D113DF200E9FA1F /* Sources */,
				B8281B411D113DF200E9FA1F /* Frameworks */,
				B8281B421D113DF200E9FA1F /* Resources */,
			);
			buildRules = (
			);
			dependencies = (
			);
			name = BadMe;
			productName = BadMe;
			productReference = B8281B441D113DF200E9FA1F /* BadMe.app */;
			productType = "com.apple.product-type.application";
		};
/* End PBXNativeTarget section */

/* Begin PBXProject section */
		B8281B3C1D113DF200E9FA1F /* Project object */ = {
			isa = PBXProject;
			attributes = {
				LastUpgradeCheck = 0800;
				ORGANIZATIONNAME = Yanming;
				TargetAttributes = {
					B8281B431D113DF200E9FA1F = {
						CreatedOnToolsVersion = 8.0;
						DevelopmentTeam = 7C6B8FB68M;
						DevelopmentTeamName = "私盟 广州 (Personal Team)";
						ProvisioningStyle = Automatic;
					};
				};
			};
			buildConfigurationList = B8281B3F1D113DF200E9FA1F /* Build configuration list for PBXProject "BadMe" */;
			compatibilityVersion = "Xcode 3.2";
			developmentRegion = English;
			hasScannedForEncodings = 0;
			knownRegions = (
				en,
				Base,
				"zh-Hans",
			);
			mainGroup = B8281B3B1D113DF200E9FA1F;
			productRefGroup = B8281B451D113DF200E9FA1F /* Products */;
			projectDirPath = "";
			projectRoot = "";
			targets = (
				B8281B431D113DF200E9FA1F /* BadMe */,
			);
		};
/* End PBXProject section */

/* Begin PBXResourcesBuildPhase section */
		B8281B421D113DF200E9FA1F /* Resources */ = {
			isa = PBXResourcesBuildPhase;
			buildActionMask = 2147483647;
			files = (
				B8281B541D113DF200E9FA1F /* Assets.xcassets in Resources */,
				B84689901D125FA600FFCD14 /* Localizable.strings in Resources */,
			);
			runOnlyForDeploymentPostprocessing = 0;
		};
/* End PBXResourcesBuildPhase section */

/* Begin PBXSourcesBuildPhase section */
		B8281B401D113DF200E9FA1F /* Sources */ = {
			isa = PBXSourcesBuildPhase;
			buildActionMask = 2147483647;
			files = (
				B8281B4F1D113DF200E9FA1F /* ViewController.m in Sources */,
				B8281B4C1D113DF200E9FA1F /* AppDelegate.m in Sources */,
				B8281B491D113DF200E9FA1F /* main.m in Sources */,
			);
			runOnlyForDeploymentPostprocessing = 0;
		};
/* End PBXSourcesBuildPhase section */

/* Begin PBXVariantGroup section */
		B84689921D125FA600FFCD14 /* Localizable.strings */ = {
			isa = PBXVariantGroup;
			children = (
				B84689911D125FA600FFCD14 /* en */,
				B84689931D125FBE00FFCD14 /* zh-Hans */,
			);
			name = Localizable.strings;
			path = ..;
			sourceTree = "<group>";
		};
/* End PBXVariantGroup section */

/* Begin XCBuildConfiguration section */
		B8281B591D113DF200E9FA1F /* Debug */ = {
			isa = XCBuildConfiguration;
			buildSettings = {
				ALWAYS_SEARCH_USER_PATHS = NO;
				CLANG_ANALYZER_LOCALIZABILITY_NONLOCALIZED = YES;
				CLANG_ANALYZER_NONNULL = YES;
				CLANG_CXX_LANGUAGE_STANDARD = "gnu++0x";
				CLANG_CXX_LIBRARY = "libc++";
				CLANG_ENABLE_MODULES = YES;
				CLANG_ENABLE_OBJC_ARC = YES;
				CLANG_WARN_BOOL_CONVERSION = YES;
				CLANG_WARN_CONSTANT_CONVERSION = YES;
				CLANG_WARN_DIRECT_OBJC_ISA_USAGE = YES_ERROR;
				CLANG_WARN_DOCUMENTATION_COMMENTS = YES;
				CLANG_WARN_EMPTY_BODY = YES;
				CLANG_WARN_ENUM_CONVERSION = YES;
				CLANG_WARN_INT_CONVERSION = YES;
				CLANG_WARN_OBJC_ROOT_CLASS = YES_ERROR;
				CLANG_WARN_UNREACHABLE_CODE = YES;
				CLANG_WARN__DUPLICATE_METHOD_MATCH = YES;
				"CODE_SIGN_IDENTITY[sdk=iphoneos*]" = "iPhone Developer";
				COPY_PHASE_STRIP = NO;
				DEBUG_INFORMATION_FORMAT = dwarf;
				ENABLE_STRICT_OBJC_MSGSEND = YES;
				ENABLE_TESTABILITY = YES;
				GCC_C_LANGUAGE_STANDARD = gnu99;
				GCC_DYNAMIC_NO_PIC = NO;
				GCC_NO_COMMON_BLOCKS = YES;
				GCC_OPTIMIZATION_LEVEL = 0;
				GCC_PREPROCESSOR_DEFINITIONS = (
					"DEBUG=1",
					"$(inherited)",
				);
				GCC_WARN_64_TO_32_BIT_CONVERSION = YES;
				GCC_WARN_ABOUT_RETURN_TYPE = YES_ERROR;
				GCC_WARN_UNDECLARED_SELECTOR = YES;
				GCC_WARN_UNINITIALIZED_AUTOS = YES_AGGRESSIVE;
				GCC_WARN_UNUSED_FUNCTION = YES;
				GCC_WARN_UNUSED_VARIABLE = YES;
				IPHONEOS_DEPLOYMENT_TARGET = 10.0;
				MTL_ENABLE_DEBUG_INFO = YES;
				ONLY_ACTIVE_ARCH = YES;
				SDKROOT = iphoneos;
			};
			name = Debug;
		};
		B8281B5A1D113DF200E9FA1F /* Release */ = {
			isa = XCBuildConfiguration;
			buildSettings = {
				ALWAYS_SEARCH_USER_PATHS = NO;
				CLANG_ANALYZER_LOCALIZABILITY_NONLOCALIZED = YES;
				CLANG_ANALYZER_NONNULL = YES;
				CLANG_CXX_LANGUAGE_STANDARD = "gnu++0x";
				CLANG_CXX_LIBRARY = "libc++";
				CLANG_ENABLE_MODULES = YES;
				CLANG_ENABLE_OBJC_ARC = YES;
				CLANG_WARN_BOOL_CONVERSION = YES;
				CLANG_WARN_CONSTANT_CONVERSION = YES;
				CLANG_WARN_DIRECT_OBJC_ISA_USAGE = YES_ERROR;
				CLANG_WARN_DOCUMENTATION_COMMENTS = YES;
				CLANG_WARN_EMPTY_BODY = YES;
				CLANG_WARN_ENUM_CONVERSION = YES;
				CLANG_WARN_INT_CONVERSION = YES;
				CLANG_WARN_OBJC_ROOT_CLASS = YES_ERROR;
				CLANG_WARN_UNREACHABLE_CODE = YES;
				CLANG_WARN__DUPLICATE_METHOD_MATCH = YES;
				"CODE_SIGN_IDENTITY[sdk=iphoneos*]" = "iPhone Developer";
				COPY_PHASE_STRIP = NO;
				DEBUG_INFORMATION_FORMAT = "dwarf-with-dsym";
				ENABLE_NS_ASSERTIONS = NO;
				ENABLE_STRICT_OBJC_MSGSEND = YES;
				GCC_C_LANGUAGE_STANDARD = gnu99;
				GCC_NO_COMMON_BLOCKS = YES;
				GCC_WARN_64_TO_32_BIT_CONVERSION = YES;
				GCC_WARN_ABOUT_RETURN_TYPE = YES_ERROR;
				GCC_WARN_UNDECLARED_SELECTOR = YES;
				GCC_WARN_UNINITIALIZED_AUTOS = YES_AGGRESSIVE;
				GCC_WARN_UNUSED_FUNCTION = YES;
				GCC_WARN_UNUSED_VARIABLE = YES;
				IPHONEOS_DEPLOYMENT_TARGET = 10.0;
				MTL_ENABLE_DEBUG_INFO = NO;
				SDKROOT = iphoneos;
				VALIDATE_PRODUCT = YES;
			};
			name = Release;
		};
		B8281B5C1D113DF200E9FA1F /* Debug */ = {
			isa = XCBuildConfiguration;
			buildSettings = {
				ASSETCATALOG_COMPILER_APPICON_NAME = AppIcon;
				ASSETCATALOG_COMPILER_LAUNCHIMAGE_NAME = LaunchImage;
				INFOPLIST_FILE = BadMe/Info.plist;
				IPHONEOS_DEPLOYMENT_TARGET = 8.0;
				LD_RUNPATH_SEARCH_PATHS = "$(inherited) @executable_path/Frameworks";
				PRODUCT_BUNDLE_IDENTIFIER = come.fanyanming.BadMe;
				PRODUCT_NAME = "$(TARGET_NAME)";
			};
			name = Debug;
		};
		B8281B5D1D113DF200E9FA1F /* Release */ = {
			isa = XCBuildConfiguration;
			buildSettings = {
				ASSETCATALOG_COMPILER_APPICON_NAME = AppIcon;
				ASSETCATALOG_COMPILER_LAUNCHIMAGE_NAME = LaunchImage;
				INFOPLIST_FILE = BadMe/Info.plist;
				IPHONEOS_DEPLOYMENT_TARGET = 8.0;
				LD_RUNPATH_SEARCH_PATHS = "$(inherited) @executable_path/Frameworks";
				PRODUCT_BUNDLE_IDENTIFIER = come.fanyanming.BadMe;
				PRODUCT_NAME = "$(TARGET_NAME)";
			};
			name = Release;
		};
/* End XCBuildConfiguration section */

/* Begin XCConfigurationList section */
		B8281B3F1D113DF200E9FA1F /* Build configuration list for PBXProject "BadMe" */ = {
			isa = XCConfigurationList;
			buildConfigurations = (
				B8281B591D113DF200E9FA1F /* Debug */,
				B8281B5A1D113DF200E9FA1F /* Release */,
			);
			defaultConfigurationIsVisible = 0;
			defaultConfigurationName = Release;
		};
		B8281B5B1D113DF200E9FA1F /* Build configuration list for PBXNativeTarget "BadMe" */ = {
			isa = XCConfigurationList;
			buildConfigurations = (
				B8281B5C1D113DF200E9FA1F /* Debug */,
				B8281B5D1D113DF200E9FA1F /* Release */,
			);
			defaultConfigurationIsVisible = 0;
			defaultConfigurationName = Release;
		};
/* End XCConfigurationList section */
	};
	rootObject = B8281B3C1D113DF200E9FA1F /* Project object */;
}
